
Microsoft Visual Studio Solution File, Format Version 12.00
# Visual Studio Version 17
VisualStudioVersion = 17.7.34221.43
MinimumVisualStudioVersion = 10.0.40219.1
Project("{FAE04EC0-301F-11D3-BF4B-00C04F79EFBC}") = "UsuariosApiIdentity", "UsuariosApiIdentity.csproj", "{0D72097E-88A8-49DA-ACA3-CB8ABFC1C654}"
EndProject
Global
	GlobalSection(SolutionConfigurationPlatforms) = preSolution
		Debug|Any CPU = Debug|Any CPU
		Release|Any CPU = Release|Any CPU
	EndGlobalSection
	GlobalSection(ProjectConfigurationPlatforms) = postSolution
		{0D72097E-88A8-49DA-ACA3-CB8ABFC1C654}.Debug|Any CPU.ActiveCfg = Debug|Any CPU
		{0D72097E-88A8-49DA-ACA3-CB8ABFC1C654}.Debug|Any CPU.Build.0 = Debug|Any CPU
		{0D72097E-88A8-49DA-ACA3-CB8ABFC1C654}.Release|Any CPU.ActiveCfg = Release|Any CPU
		{0D72097E-88A8-49DA-ACA3-CB8ABFC1C654}.Release|Any CPU.Build.0 = Release|Any CPU
	EndGlobalSection
	GlobalSection(SolutionProperties) = preSolution
		HideSolutionNode = FALSE
	EndGlobalSection
	GlobalSection(ExtensibilityGlobals) = postSolution
		SolutionGuid = {84F6DC3B-73B7-4EDD-B892-40A7199904A8}
	EndGlobalSection
EndGlobal
